
Microsoft Visual Studio Solution File, Format Version 12.00
# Visual Studio 15
VisualStudioVersion = 15.0.28307.1525
MinimumVisualStudioVersion = 10.0.40219.1
Project("{FAE04EC0-301F-11D3-BF4B-00C04F79EFBC}") = "WindowsFormsApp1", "WindowsFormsApp1\WindowsFormsApp1.csproj", "{5DF2318E-8378-4BC0-8B0B-9A814950B21D}"
EndProject
Global
	GlobalSection(SolutionConfigurationPlatforms) = preSolution
		Debug|Any CPU = Debug|Any CPU
		Release|Any CPU = Release|Any CPU
	EndGlobalSection
	GlobalSection(ProjectConfigurationPlatforms) = postSolution
		{5DF2318E-8378-4BC0-8B0B-9A814950B21D}.Debug|Any CPU.ActiveCfg = Debug|Any CPU
		{5DF2318E-8378-4BC0-8B0B-9A814950B21D}.Debug|Any CPU.Build.0 = Debug|Any CPU
		{5DF2318E-8378-4BC0-8B0B-9A814950B21D}.Release|Any CPU.ActiveCfg = Release|Any CPU
		{5DF2318E-8378-4BC0-8B0B-9A814950B21D}.Release|Any CPU.Build.0 = Release|Any CPU
	EndGlobalSection
	GlobalSection(SolutionProperties) = preSolution
		HideSolutionNode = FALSE
	EndGlobalSection
	GlobalSection(ExtensibilityGlobals) = postSolution
		SolutionGuid = {DBB4566F-D60F-4905-91C4-46447DAFE8C9}
	EndGlobalSection
EndGlobal
